
Microsoft Visual Studio Solution File, Format Version 12.00
# Visual Studio 15
VisualStudioVersion = 15.0.28307.1525
MinimumVisualStudioVersion = 10.0.40219.1
Project("{FAE04EC0-301F-11D3-BF4B-00C04F79EFBC}") = "DoublePendulum", "DoublePendulum\DoublePendulum.csproj", "{D5A13314-E1EC-4F65-ADFA-7CBF0A438258}"
EndProject
Global
	GlobalSection(SolutionConfigurationPlatforms) = preSolution
		Debug|Any CPU = Debug|Any CPU
		Release|Any CPU = Release|Any CPU
	EndGlobalSection
	GlobalSection(ProjectConfigurationPlatforms) = postSolution
		{D5A13314-E1EC-4F65-ADFA-7CBF0A438258}.Debug|Any CPU.ActiveCfg = Debug|Any CPU
		{D5A13314-E1EC-4F65-ADFA-7CBF0A438258}.Debug|Any CPU.Build.0 = Debug|Any CPU
		{D5A13314-E1EC-4F65-ADFA-7CBF0A438258}.Release|Any CPU.ActiveCfg = Release|Any CPU
		{D5A13314-E1EC-4F65-ADFA-7CBF0A438258}.Release|Any CPU.Build.0 = Release|Any CPU
	EndGlobalSection
	GlobalSection(SolutionProperties) = preSolution
		HideSolutionNode = FALSE
	EndGlobalSection
	GlobalSection(ExtensibilityGlobals) = postSolution
		SolutionGuid = {D624AB9B-2709-432B-B88F-F395EB230CC2}
	EndGlobalSection
EndGlobal
